
Microsoft Visual Studio Solution File, Format Version 12.00
# Visual Studio Version 16
VisualStudioVersion = 16.0.30204.135
MinimumVisualStudioVersion = 10.0.40219.1
Project("{9A19103F-16F7-4668-BE54-9A1E7A4F7556}") = "TennisGame", "TennisGame\TennisGame.csproj", "{508F555E-D69C-4E35-9651-3D0CC3479570}"
EndProject
Project("{9A19103F-16F7-4668-BE54-9A1E7A4F7556}") = "TennisGame.Tests", "TennisGame.Tests\TennisGame.Tests.csproj", "{C139086F-9288-442D-896F-D1696B6FB87C}"
EndProject
Project("{FAE04EC0-301F-11D3-BF4B-00C04F79EFBC}") = "TennisGame.Applications", "TennisGame.Applications\TennisGame.Applications.csproj", "{C1B806E5-E301-4B85-B358-3DB33B38FF64}"
EndProject
Project("{FAE04EC0-301F-11D3-BF4B-00C04F79EFBC}") = "TennisGame.Persistents", "TennisGame.Persistents\TennisGame.Persistents.csproj", "{BAD1266E-4D55-429B-910E-BFA55F9D84F1}"
EndProject
Project("{FAE04EC0-301F-11D3-BF4B-00C04F79EFBC}") = "TennisGame.Infrastructures", "TennisGame.Infrastructures\TennisGame.Infrastructures.csproj", "{983DABFB-CB99-4F71-9104-C0AC9281D791}"
EndProject
Global
	GlobalSection(SolutionConfigurationPlatforms) = preSolution
		Debug|Any CPU = Debug|Any CPU
		Release|Any CPU = Release|Any CPU
	EndGlobalSection
	GlobalSection(ProjectConfigurationPlatforms) = postSolution
		{508F555E-D69C-4E35-9651-3D0CC3479570}.Debug|Any CPU.ActiveCfg = Debug|Any CPU
		{508F555E-D69C-4E35-9651-3D0CC3479570}.Debug|Any CPU.Build.0 = Debug|Any CPU
		{508F555E-D69C-4E35-9651-3D0CC3479570}.Release|Any CPU.ActiveCfg = Release|Any CPU
		{508F555E-D69C-4E35-9651-3D0CC3479570}.Release|Any CPU.Build.0 = Release|Any CPU
		{C139086F-9288-442D-896F-D1696B6FB87C}.Debug|Any CPU.ActiveCfg = Debug|Any CPU
		{C139086F-9288-442D-896F-D1696B6FB87C}.Debug|Any CPU.Build.0 = Debug|Any CPU
		{C139086F-9288-442D-896F-D1696B6FB87C}.Release|Any CPU.ActiveCfg = Release|Any CPU
		{C139086F-9288-442D-896F-D1696B6FB87C}.Release|Any CPU.Build.0 = Release|Any CPU
		{C1B806E5-E301-4B85-B358-3DB33B38FF64}.Debug|Any CPU.ActiveCfg = Debug|Any CPU
		{C1B806E5-E301-4B85-B358-3DB33B38FF64}.Debug|Any CPU.Build.0 = Debug|Any CPU
		{C1B806E5-E301-4B85-B358-3DB33B38FF64}.Release|Any CPU.ActiveCfg = Release|Any CPU
		{C1B806E5-E301-4B85-B358-3DB33B38FF64}.Release|Any CPU.Build.0 = Release|Any CPU
		{BAD1266E-4D55-429B-910E-BFA55F9D84F1}.Debug|Any CPU.ActiveCfg = Debug|Any CPU
		{BAD1266E-4D55-429B-910E-BFA55F9D84F1}.Debug|Any CPU.Build.0 = Debug|Any CPU
		{BAD1266E-4D55-429B-910E-BFA55F9D84F1}.Release|Any CPU.ActiveCfg = Release|Any CPU
		{BAD1266E-4D55-429B-910E-BFA55F9D84F1}.Release|Any CPU.Build.0 = Release|Any CPU
		{983DABFB-CB99-4F71-9104-C0AC9281D791}.Debug|Any CPU.ActiveCfg = Debug|Any CPU
		{983DABFB-CB99-4F71-9104-C0AC9281D791}.Debug|Any CPU.Build.0 = Debug|Any CPU
		{983DABFB-CB99-4F71-9104-C0AC9281D791}.Release|Any CPU.ActiveCfg = Release|Any CPU
		{983DABFB-CB99-4F71-9104-C0AC9281D791}.Release|Any CPU.Build.0 = Release|Any CPU
	EndGlobalSection
	GlobalSection(SolutionProperties) = preSolution
		HideSolutionNode = FALSE
	EndGlobalSection
	GlobalSection(ExtensibilityGlobals) = postSolution
		SolutionGuid = {0A42ED61-6938-46B1-BE77-C80CE3FFE00A}
	EndGlobalSection
EndGlobal
